{
  "originHash" : "963f4d8035535e1f89878f70ea8b1ac30a83d2e140af334d67865498192f7a3a",
  "pins" : [
    {
      "identity" : "bluesocket",
      "kind" : "remoteSourceControl",
      "location" : "https://github.com/Kitura/BlueSocket.git",
      "state" : {
        "revision" : "7b23a867008e0027bfd6f4d398d44720707bc8ca",
        "version" : "2.0.4"
      }
    },
    {
      "identity" : "swordrpc",
      "kind" : "remoteSourceControl",
      "location" : "https://github.com/PKBeam/SwordRPC",
      "state" : {
        "branch" : "master",
        "revision" : "978393ef02aa15841db5e4ffd410539d1307a4fb"
      }
    }
  ],
  "version" : 3
}
